lockfileVersion: 5.4

specifiers:
  '@deck.gl/core': ^8.9.33
  '@loaders.gl/3d-tiles': ^4.0.4
  '@loaders.gl/core': ^4.0.4
  '@loaders.gl/polyfills': ^4.0.4
  '@loaders.gl/tiles': ^4.0.4

dependencies:
  '@deck.gl/core': 8.9.33
  '@loaders.gl/3d-tiles': 4.0.4_@loaders.gl+core@4.0.4
  '@loaders.gl/core': 4.0.4
  '@loaders.gl/polyfills': 4.0.4
  '@loaders.gl/tiles': 4.0.4_@loaders.gl+core@4.0.4

packages:

  /@babel/runtime/7.23.6:
    resolution: {integrity: sha512-zHd0eUrf5GZoOWVCXp6koAKQTfZV07eit6bGPmJgnZdnSAvvZee6zniW2XMF7Cmc4ISOOnPy3QaSiIJGJkVEDQ==}
    engines: {node: '>=6.9.0'}
    dependencies:
      regenerator-runtime: 0.14.1
    dev: false

  /@deck.gl/core/8.9.33:
    resolution: {integrity: sha512-0nCLINaht0df04v1dwibJP74+MkTY1yjMzy5hfmwyyvh+giBcQQ1BUQsre2ovgzeFlbT+zO3/NO5QsFavOvVPQ==}
    dependencies:
      '@babel/runtime': 7.23.6
      '@loaders.gl/core': 3.4.14
      '@loaders.gl/images': 3.4.14
      '@luma.gl/constants': 8.5.21
      '@luma.gl/core': 8.5.21
      '@luma.gl/webgl': 8.5.21
      '@math.gl/core': 3.6.3
      '@math.gl/sun': 3.6.3
      '@math.gl/web-mercator': 3.6.3
      '@probe.gl/env': 3.6.0
      '@probe.gl/log': 3.6.0
      '@probe.gl/stats': 3.6.0
      gl-matrix: 3.4.3
      math.gl: 3.6.3
      mjolnir.js: 2.7.1
    dev: false

  /@loaders.gl/3d-tiles/4.0.4_@loaders.gl+core@4.0.4:
    resolution: {integrity: sha512-RxNBkrCb0j4a5V8r6+cl4d/FmhdZ3RolPtlkOwUIaa69TPVr0YstnWHAxkTWPVhPLNS9s/zI96y/ZVS5/gfz1Q==}
    peerDependencies:
      '@loaders.gl/core': ^4.0.0
    dependencies:
      '@loaders.gl/core': 4.0.4
      '@loaders.gl/draco': 4.0.4
      '@loaders.gl/gltf': 4.0.4
      '@loaders.gl/loader-utils': 4.0.4
      '@loaders.gl/math': 4.0.4
      '@loaders.gl/tiles': 4.0.4_@loaders.gl+core@4.0.4
      '@loaders.gl/zip': 4.0.4
      '@math.gl/core': 4.0.0
      '@math.gl/geospatial': 4.0.0
      '@probe.gl/log': 4.0.4
      long: 5.2.3
    dev: false

  /@loaders.gl/compression/4.0.4:
    resolution: {integrity: sha512-Fm3y8NCfC/j63oeFT5OfMvDPps/XTgQd+nFyhL7+NP7eB4uKAyNnWqQpMwr0IpnYCGV7sbCHUMDBb3jRfESrmg==}
    dependencies:
      '@babel/runtime': 7.23.6
      '@loaders.gl/loader-utils': 4.0.4
      '@loaders.gl/worker-utils': 4.0.4
      '@types/brotli': 1.3.4
      '@types/pako': 1.0.7
      fflate: 0.7.4
      lzo-wasm: 0.0.4
      pako: 1.0.11
      snappyjs: 0.6.1
    optionalDependencies:
      brotli: 1.3.3
      lz4js: 0.2.0
      zstd-codec: 0.1.4
    dev: false

  /@loaders.gl/core/3.4.14:
    resolution: {integrity: sha512-5PFcjv7xC8AYL17juDMrvo8n0Fcwg9s8F4BaM2YCNUsb9RCI2SmLuIFJMcx1GgHO5vL0WiTIKO+JT4n1FuNR6w==}
    dependencies:
      '@babel/runtime': 7.23.6
      '@loaders.gl/loader-utils': 3.4.14
      '@loaders.gl/worker-utils': 3.4.14
      '@probe.gl/log': 4.0.4
    dev: false

  /@loaders.gl/core/4.0.4:
    resolution: {integrity: sha512-oZXa0cFLclHooqskTAqavnT4c474kRp+AxZRzS6gVgFC8zDd1ZlLZ7wH9glToh+cx33+XMDEtHvKxwkJozsSfw==}
    dependencies:
      '@babel/runtime': 7.23.6
      '@loaders.gl/loader-utils': 4.0.4
      '@loaders.gl/worker-utils': 4.0.4
      '@probe.gl/log': 4.0.4
    dev: false

  /@loaders.gl/crypto/4.0.4:
    resolution: {integrity: sha512-wBcRx4yg7PIVHRgVCch4u1KJJHoV7Nag3O2L+xx9ME7iqYL2gluMGFWfpQ9a55A3qLnGdkeEICgCRrYX7PNTPg==}
    dependencies:
      '@babel/runtime': 7.23.6
      '@loaders.gl/loader-utils': 4.0.4
      '@loaders.gl/worker-utils': 4.0.4
      '@types/crypto-js': 4.2.1
    dev: false

  /@loaders.gl/draco/4.0.4:
    resolution: {integrity: sha512-baMy2Ov3/pPuegh8kfMYgGF1H/eVPJDir8W8F28cz2dwomuuZ49Q+QQoTO5DUygvsUeLh5MG+o2lqWoJdfbw5Q==}
    dependencies:
      '@babel/runtime': 7.23.6
      '@loaders.gl/loader-utils': 4.0.4
      '@loaders.gl/schema': 4.0.4
      '@loaders.gl/worker-utils': 4.0.4
      draco3d: 1.5.5
    dev: false

  /@loaders.gl/gltf/4.0.4:
    resolution: {integrity: sha512-gyLxeU76FPp7kQarLal9mVnhxKyzHDMWqwrZxuzxsoaSextFObZZ5GASF1p7Nh3MY64KLm2PWXMBEqLgYH86Hg==}
    dependencies:
      '@loaders.gl/draco': 4.0.4
      '@loaders.gl/images': 4.0.4
      '@loaders.gl/loader-utils': 4.0.4
      '@loaders.gl/textures': 4.0.4
      '@math.gl/core': 4.0.0
    dev: false

  /@loaders.gl/images/3.4.14:
    resolution: {integrity: sha512-tL447hTWhOKBOB87SE4hvlC8OkbRT0mEaW1a/wIS9f4HnYDa/ycRLMV+nvdvYMZur4isNPam44oiRqi7GcILkg==}
    dependencies:
      '@loaders.gl/loader-utils': 3.4.14
    dev: false

  /@loaders.gl/images/4.0.4:
    resolution: {integrity: sha512-e3X7y1w6NY9qdF8+Ed04CtbZSO6LvDuEuRSn/l+eP3io6Za6QIFMcsprvd9Icv9a0I2jQbYuprCsycz8ijsJGQ==}
    dependencies:
      '@loaders.gl/loader-utils': 4.0.4
    dev: false

  /@loaders.gl/loader-utils/3.4.14:
    resolution: {integrity: sha512-HCTY2/F83RLbZWcTvWLVJ1vke3dl6Bye20HU1AqkA37J2vzHwOZ8kj6eee8eeSkIkf7VIFwjyhVJxe0flQE/Bw==}
    dependencies:
      '@babel/runtime': 7.23.6
      '@loaders.gl/worker-utils': 3.4.14
      '@probe.gl/stats': 4.0.4
    dev: false

  /@loaders.gl/loader-utils/4.0.4:
    resolution: {integrity: sha512-oQl4xPqzp2SRnTFYPutD+HPJgeHQviERRkO9loQJw8oIx54xEY6piyGrxFXMSBHKWMNUTJYFFBFN0tVOQwdhtw==}
    dependencies:
      '@babel/runtime': 7.23.6
      '@loaders.gl/worker-utils': 4.0.4
      '@probe.gl/stats': 4.0.4
    dev: false

  /@loaders.gl/math/4.0.4:
    resolution: {integrity: sha512-xccF8ixT9SP8m3Mt4BkdheeCtupSSreYWh3hJ6jzovnCW7qn2tTffBYzkdb2afBCHqflx8NaeQN2ORqvAatTmA==}
    dependencies:
      '@loaders.gl/images': 4.0.4
      '@loaders.gl/loader-utils': 4.0.4
      '@math.gl/core': 4.0.0
    dev: false

  /@loaders.gl/polyfills/4.0.4:
    resolution: {integrity: sha512-lSfaxzHIjm7yc6kIZpYiUruGaWhsaqphEttlm/Vj1/Nu8ceUk6EdVfIAPPRAcPsGGqjk/xQejxKDwEPzNxnmjw==}
    dependencies:
      '@babel/runtime': 7.23.6
      '@loaders.gl/crypto': 4.0.4
      '@loaders.gl/loader-utils': 4.0.4
      buffer: 6.0.3
      get-pixels: 3.3.3
      ndarray: 1.0.19
      save-pixels: 2.3.6
      stream-to-async-iterator: 1.0.0
      through: 2.3.8
      web-streams-polyfill: 3.2.1
    dev: false

  /@loaders.gl/schema/4.0.4:
    resolution: {integrity: sha512-d94+qDW6FxD9yi0VhHORXTXdgwUZBYNcaIUiw+NikOot/ai/FmcX+Vs0JHWILcNut0acEkb1S6t1Yyk8rPU9BA==}
    dependencies:
      '@types/geojson': 7946.0.13
    dev: false

  /@loaders.gl/textures/4.0.4:
    resolution: {integrity: sha512-miqs1pnZqpNa6RK9NI84VDQCFIvJyyIr1PNQve8yjNtuZ26NhAoTAseNyAXmfGyxwhwujq3jI+q9hAzEA94kew==}
    dependencies:
      '@loaders.gl/images': 4.0.4
      '@loaders.gl/loader-utils': 4.0.4
      '@loaders.gl/schema': 4.0.4
      '@loaders.gl/worker-utils': 4.0.4
      ktx-parse: 0.0.4
      texture-compressor: 1.0.2
    dev: false

  /@loaders.gl/tiles/4.0.4_@loaders.gl+core@4.0.4:
    resolution: {integrity: sha512-X+S0LB+sAjKcGAiPhfn5U50/7UJX8xQKffJ0OphWhOh4ErS63uL/TqHfSdoAIBYsGIU+MNEmWCe8iAh5A9+JRw==}
    peerDependencies:
      '@loaders.gl/core': ^4.0.0
    dependencies:
      '@loaders.gl/core': 4.0.4
      '@loaders.gl/loader-utils': 4.0.4
      '@loaders.gl/math': 4.0.4
      '@math.gl/core': 4.0.0
      '@math.gl/culling': 4.0.0
      '@math.gl/geospatial': 4.0.0
      '@math.gl/web-mercator': 4.0.0
      '@probe.gl/stats': 4.0.4
    dev: false

  /@loaders.gl/worker-utils/3.4.14:
    resolution: {integrity: sha512-PUSwxoAYbskisXd0KfYEQ902b0igBA2UAWdP6PzPvY+tJmobfh74dTNwrrBQ1rGXQxxmGx6zc6/ksX6mlIzIrg==}
    dependencies:
      '@babel/runtime': 7.23.6
    dev: false

  /@loaders.gl/worker-utils/4.0.4:
    resolution: {integrity: sha512-0LTCimHwbRxDB2TRIFkKWOyl1GclhgW2YvS63yzpFoqOhT2qwzOaNIwoduJVCUljE3voyndPtpQOUyffY/fmNA==}
    dependencies:
      '@babel/runtime': 7.23.6
    dev: false

  /@loaders.gl/zip/4.0.4:
    resolution: {integrity: sha512-z92fMgQehERcm1GGzFp8PyBdSmHKsj+CO8joQhn+py0+GWJRsx77r6P+ivQUTFnxZ8bWIxv0tplEV9Kvaw2Puw==}
    dependencies:
      '@loaders.gl/compression': 4.0.4
      '@loaders.gl/crypto': 4.0.4
      '@loaders.gl/loader-utils': 4.0.4
      jszip: 3.10.1
      md5: 2.3.0
    dev: false

  /@luma.gl/constants/8.5.21:
    resolution: {integrity: sha512-aJxayGxTT+IRd1vfpcgD/cKSCiVJjBNiuiChS96VulrmCvkzUOLvYXr42y5qKB4RyR7vOIda5uQprNzoHrhQAA==}
    dev: false

  /@luma.gl/core/8.5.21:
    resolution: {integrity: sha512-11jQJQEMoR/IN2oIsd4zFxiQJk6FE+xgVIMUcsCTBuzafTtQZ8Po9df8mt+MVewpDyBlTVs6g8nxHRH4np1ukA==}
    dependencies:
      '@babel/runtime': 7.23.6
      '@luma.gl/constants': 8.5.21
      '@luma.gl/engine': 8.5.21
      '@luma.gl/gltools': 8.5.21
      '@luma.gl/shadertools': 8.5.21
      '@luma.gl/webgl': 8.5.21
    dev: false

  /@luma.gl/engine/8.5.21:
    resolution: {integrity: sha512-IG3WQSKXFNUEs8QG7ZjHtGiOtsakUu+BAxtJ6997A6/F06yynZ44tPe5NU70jG9Yfu3kV0LykPZg7hO3vXZDiA==}
    dependencies:
      '@babel/runtime': 7.23.6
      '@luma.gl/constants': 8.5.21
      '@luma.gl/gltools': 8.5.21
      '@luma.gl/shadertools': 8.5.21
      '@luma.gl/webgl': 8.5.21
      '@math.gl/core': 3.6.3
      '@probe.gl/env': 3.6.0
      '@probe.gl/stats': 3.6.0
      '@types/offscreencanvas': 2019.7.3
    dev: false

  /@luma.gl/gltools/8.5.21:
    resolution: {integrity: sha512-6qZ0LaT2Mxa4AJT5F44TFoaziokYiHUwO45vnM/NYUOIu9xevcmS6VtToawytMEACGL6PDeDyVqP3Y80SDzq5g==}
    dependencies:
      '@babel/runtime': 7.23.6
      '@luma.gl/constants': 8.5.21
      '@probe.gl/env': 3.6.0
      '@probe.gl/log': 3.6.0
      '@types/offscreencanvas': 2019.7.3
    dev: false

  /@luma.gl/shadertools/8.5.21:
    resolution: {integrity: sha512-WQah7yFDJ8cNCLPYpIm3r0wSlXLvjoA279fcknmATvvkW3/i8PcCJ/nYEBJO3hHEwwMQxD16+YZu/uwGiifLMg==}
    dependencies:
      '@babel/runtime': 7.23.6
      '@math.gl/core': 3.6.3
    dev: false

  /@luma.gl/webgl/8.5.21:
    resolution: {integrity: sha512-ZVLO4W5UuaOlzZIwmFWhnmZ1gYoU97a+heMqxLrSSmCUAsSu3ZETUex9gOmzdM1WWxcdWaa3M68rvKCNEgwz0Q==}
    dependencies:
      '@babel/runtime': 7.23.6
      '@luma.gl/constants': 8.5.21
      '@luma.gl/gltools': 8.5.21
      '@probe.gl/env': 3.6.0
      '@probe.gl/stats': 3.6.0
    dev: false

  /@math.gl/core/3.6.3:
    resolution: {integrity: sha512-jBABmDkj5uuuE0dTDmwwss7Cup5ZwQ6Qb7h1pgvtkEutTrhkcv8SuItQNXmF45494yIHeoGue08NlyeY6wxq2A==}
    dependencies:
      '@babel/runtime': 7.23.6
      '@math.gl/types': 3.6.3
      gl-matrix: 3.4.3
    dev: false

  /@math.gl/core/4.0.0:
    resolution: {integrity: sha512-qGbP4R8G0dsh5OUO+eWKX5NJwZitkV8CdVEolRFSoPteE0lrWxsg01FwAjegKv4jCm975VJ4HxDcb4L6KAiGGw==}
    dependencies:
      '@babel/runtime': 7.23.6
      '@math.gl/types': 4.0.0
    dev: false

  /@math.gl/culling/4.0.0:
    resolution: {integrity: sha512-8+btkQZtirG64kGbWs/UBoLnXPLw83D1g0sKgZQG32bQLm2dnArMynfqkPs/Mkj5Cm3MvwkTSdz6vN4a3FF6UA==}
    dependencies:
      '@babel/runtime': 7.23.6
      '@math.gl/core': 4.0.0
    dev: false

  /@math.gl/geospatial/4.0.0:
    resolution: {integrity: sha512-bfUqDbu9ZftmiMERMkM1b1N01RVrFUT0d6VuiMRER0d8R5GrWuRccZxROPoS52lyo692nJa0Z4Or97WJxLUYYw==}
    dependencies:
      '@babel/runtime': 7.23.6
      '@math.gl/core': 4.0.0
    dev: false

  /@math.gl/sun/3.6.3:
    resolution: {integrity: sha512-mrx6CGYYeTNSQttvcw0KVUy+35YDmnjMqpO/o0t06Vcghrt0HNruB/ScRgUSbJrgkbOg1Vcqm23HBd++clzQzw==}
    dependencies:
      '@babel/runtime': 7.23.6
    dev: false

  /@math.gl/types/3.6.3:
    resolution: {integrity: sha512-3uWLVXHY3jQxsXCr/UCNPSc2BG0hNUljhmOBt9l+lNFDp7zHgm0cK2Tw4kj2XfkJy4TgwZTBGwRDQgWEbLbdTA==}
    dev: false

  /@math.gl/types/4.0.0:
    resolution: {integrity: sha512-ZqU7o0LFaWQK/0wYobCwQKrKhRHaihps8oE74CLnWAdTTjXkM2vA8dU7vdx238QfXkNkz4Mv+KYklHpXMQJ8Hw==}
    dev: false

  /@math.gl/web-mercator/3.6.3:
    resolution: {integrity: sha512-UVrkSOs02YLehKaehrxhAejYMurehIHPfFQvPFZmdJHglHOU4V2cCUApTVEwOksvCp161ypEqVp+9H6mGhTTcw==}
    dependencies:
      '@babel/runtime': 7.23.6
      gl-matrix: 3.4.3
    dev: false

  /@math.gl/web-mercator/4.0.0:
    resolution: {integrity: sha512-dtzjaJPckyAEsCT0eHayPoZ8RrHg7XkQq9fZAHAn8CPiyLX0J0ZdvpH1x4a3qe7Ct7CPo6ChnqSk0DwItA4aNQ==}
    dependencies:
      '@babel/runtime': 7.23.6
    dev: false

  /@probe.gl/env/3.6.0:
    resolution: {integrity: sha512-4tTZYUg/8BICC3Yyb9rOeoKeijKbZHRXBEKObrfPmX4sQmYB15ZOUpoVBhAyJkOYVAM8EkPci6Uw5dLCwx2BEQ==}
    dependencies:
      '@babel/runtime': 7.23.6
    dev: false

  /@probe.gl/env/4.0.4:
    resolution: {integrity: sha512-sYNGqesDfWD6dFP5oNZtTeFA4Z6ak5T4a8BNPdNhoqy7PK9w70JHrb6mv+RKWqKXq33KiwCDWL7fYxx2HuEH2w==}
    dependencies:
      '@babel/runtime': 7.23.6
    dev: false

  /@probe.gl/log/3.6.0:
    resolution: {integrity: sha512-hjpyenpEvOdowgZ1qMeCJxfRD4JkKdlXz0RC14m42Un62NtOT+GpWyKA4LssT0+xyLULCByRAtG2fzZorpIAcA==}
    dependencies:
      '@babel/runtime': 7.23.6
      '@probe.gl/env': 3.6.0
    dev: false

  /@probe.gl/log/4.0.4:
    resolution: {integrity: sha512-WpmXl6njlBMwrm8HBh/b4kSp/xnY1VVmeT4PWUKF+RkVbFuKQbsU11dA1IxoMd7gSY+5DGIwxGfAv1H5OMzA4A==}
    dependencies:
      '@babel/runtime': 7.23.6
      '@probe.gl/env': 4.0.4
    dev: false

  /@probe.gl/stats/3.6.0:
    resolution: {integrity: sha512-JdALQXB44OP4kUBN/UrQgzbJe4qokbVF4Y8lkIA8iVCFnjVowWIgkD/z/0QO65yELT54tTrtepw1jScjKB+rhQ==}
    dependencies:
      '@babel/runtime': 7.23.6
    dev: false

  /@probe.gl/stats/4.0.4:
    resolution: {integrity: sha512-SDuSY/D4yDL6LQDa69l/GCcnZLRiGYdyvYkxWb0CgnzTPdPrcdrzGkzkvpC3zsA4fEFw2smlDje370QGHwlisg==}
    dependencies:
      '@babel/runtime': 7.23.6
    dev: false

  /@types/brotli/1.3.4:
    resolution: {integrity: sha512-cKYjgaS2DMdCKF7R0F5cgx1nfBYObN2ihIuPGQ4/dlIY6RpV7OWNwe9L8V4tTVKL2eZqOkNM9FM/rgTvLf4oXw==}
    dependencies:
      '@types/node': 20.10.4
    dev: false

  /@types/crypto-js/4.2.1:
    resolution: {integrity: sha512-FSPGd9+OcSok3RsM0UZ/9fcvMOXJ1ENE/ZbLfOPlBWj7BgXtEAM8VYfTtT760GiLbQIMoVozwVuisjvsVwqYWw==}
    dev: false

  /@types/geojson/7946.0.13:
    resolution: {integrity: sha512-bmrNrgKMOhM3WsafmbGmC+6dsF2Z308vLFsQ3a/bT8X8Sv5clVYpPars/UPq+sAaJP+5OoLAYgwbkS5QEJdLUQ==}
    dev: false

  /@types/hammerjs/2.0.45:
    resolution: {integrity: sha512-qkcUlZmX6c4J8q45taBKTL3p+LbITgyx7qhlPYOdOHZB7B31K0mXbP5YA7i7SgDeEGuI9MnumiKPEMrxg8j3KQ==}
    dev: false

  /@types/node/20.10.4:
    resolution: {integrity: sha512-D08YG6rr8X90YB56tSIuBaddy/UXAA9RKJoFvrsnogAum/0pmjkgi4+2nx96A330FmioegBWmEYQ+syqCFaveg==}
    dependencies:
      undici-types: 5.26.5
    dev: false

  /@types/offscreencanvas/2019.7.3:
    resolution: {integrity: sha512-ieXiYmgSRXUDeOntE1InxjWyvEelZGP63M+cGuquuRLuIKKT1osnkXjxev9B7d1nXSug5vpunx+gNlbVxMlC9A==}
    dev: false

  /@types/pako/1.0.7:
    resolution: {integrity: sha512-YBtzT2ztNF6R/9+UXj2wTGFnC9NklAnASt3sC0h2m1bbH7G6FyBIkt4AN8ThZpNfxUo1b2iMVO0UawiJymEt8A==}
    dev: false

  /ajv/6.12.6:
    resolution: {integrity: sha512-j3fVLgvTo527anyYyJOGTYJbG+vnnQYvE0m5mmkc1TK+nxAppkCLMIL0aZ4dblVCNoGShhm+kzE4ZUykBoMg4g==}
    dependencies:
      fast-deep-equal: 3.1.3
      fast-json-stable-stringify: 2.1.0
      json-schema-traverse: 0.4.1
      uri-js: 4.4.1
    dev: false

  /argparse/1.0.10:
    resolution: {integrity: sha512-o5Roy6tNG4SL/FOkCAN6RzjiakZS25RLYFrcMttJqbdd8BWrnA+fGz57iN5Pb06pvBGvl5gQ0B48dJlslXvoTg==}
    dependencies:
      sprintf-js: 1.0.3
    dev: false

  /asn1/0.2.6:
    resolution: {integrity: sha512-ix/FxPn0MDjeyJ7i/yoHGFt/EX6LyNbxSEhPPXODPL+KB0VPk86UYfL0lMdy+KCnv+fmvIzySwaK5COwqVbWTQ==}
    dependencies:
      safer-buffer: 2.1.2
    dev: false

  /assert-plus/1.0.0:
    resolution: {integrity: sha512-NfJ4UzBCcQGLDlQq7nHxH+tv3kyZ0hHQqF5BO6J7tNJeP5do1llPr8dZ8zHonfhAu0PHAdMkSo+8o0wxg9lZWw==}
    engines: {node: '>=0.8'}
    dev: false

  /asynckit/0.4.0:
    resolution: {integrity: sha512-Oei9OH4tRh0YqU3GxhX79dM/mwVgvbZJaSNaRk+bshkj0S5cfHcgYakreBjrHwatXKbz+IoIdYLxrKim2MjW0Q==}
    dev: false

  /aws-sign2/0.7.0:
    resolution: {integrity: sha512-08kcGqnYf/YmjoRhfxyu+CLxBjUtHLXLXX/vUfx9l2LYzG3c1m61nrpyFUZI6zeS+Li/wWMMidD9KgrqtGq3mA==}
    dev: false

  /aws4/1.12.0:
    resolution: {integrity: sha512-NmWvPnx0F1SfrQbYwOi7OeaNGokp9XhzNioJ/CSBs8Qa4vxug81mhJEAVZwxXuBmYB5KDRfMq/F3RR0BIU7sWg==}
    dev: false

  /base64-js/1.5.1:
    resolution: {integrity: sha512-AKpaYlHn8t4SVbOHCy+b5+KKgvR4vrsD8vbvrbiQJps7fKDTkjkDry6ji0rUJjC0kzbNePLwzxq8iypo41qeWA==}
    dev: false

  /bcrypt-pbkdf/1.0.2:
    resolution: {integrity: sha512-qeFIXtP4MSoi6NLqO12WfqARWWuCKi2Rn/9hJLEmtB5yTNr9DqFWkJRCf2qShWzPeAMRnOgCrq0sg/KLv5ES9w==}
    dependencies:
      tweetnacl: 0.14.5
    dev: false

  /brotli/1.3.3:
    resolution: {integrity: sha512-oTKjJdShmDuGW94SyyaoQvAjf30dZaHnjJ8uAF+u2/vGJkJbJPJAT1gDiOJP5v1Zb6f9KEyW/1HpuaWIXtGHPg==}
    requiresBuild: true
    dependencies:
      base64-js: 1.5.1
    dev: false
    optional: true

  /buffer/6.0.3:
    resolution: {integrity: sha512-FTiCpNxtwiZZHEZbcbTIcZjERVICn9yq/pDFkTl95/AxzD1naBctN7YO68riM/gLSDY7sdrMby8hofADYuuqOA==}
    dependencies:
      base64-js: 1.5.1
      ieee754: 1.2.1
    dev: false

  /caseless/0.12.0:
    resolution: {integrity: sha512-4tYFyifaFfGacoiObjJegolkwSU4xQNGbVgUiNYVUxbQ2x2lUsFvY4hVgVzGiIe6WLOPqycWXA40l+PWsxthUw==}
    dev: false

  /charenc/0.0.2:
    resolution: {integrity: sha512-yrLQ/yVUFXkzg7EDQsPieE/53+0RlaWTs+wBrvW36cyilJ2SaDWfl4Yj7MtLTXleV9uEKefbAGUPv2/iWSooRA==}
    dev: false

  /combined-stream/1.0.8:
    resolution: {integrity: sha512-FQN4MRfuJeHf7cBbBMJFXhKSDq+2kAArBlmRBvcvFE5BB1HZKXtSFASDhdlz9zOYwxh8lDdnvmMOe/+5cdoEdg==}
    engines: {node: '>= 0.8'}
    dependencies:
      delayed-stream: 1.0.0
    dev: false

  /contentstream/1.0.0:
    resolution: {integrity: sha512-jqWbfFZFG9tZbdej7+TzXI4kanABh3BLtTWY6NxqTK5zo6iTIeo5aq4iRVfYsLQ0y8ccQqmJR/J4NeMmEdnR2w==}
    engines: {node: '>= 0.8.0'}
    dependencies:
      readable-stream: 1.0.34
    dev: false

  /core-util-is/1.0.2:
    resolution: {integrity: sha512-3lqz5YjWTYnW6dlDa5TLaTCcShfar1e40rmcJVwCBJC6mWlFuj0eCHIElmG1g5kyuJ/GD+8Wn4FFCcz4gJPfaQ==}
    dev: false

  /core-util-is/1.0.3:
    resolution: {integrity: sha512-ZQBvi1DcpJ4GDqanjucZ2Hj3wEO5pZDS89BWbkcrvdxksJorwUDDZamX9ldFkp9aw2lmBDLgkObEA4DWNJ9FYQ==}
    dev: false

  /crypt/0.0.2:
    resolution: {integrity: sha512-mCxBlsHFYh9C+HVpiEacem8FEBnMXgU9gy4zmNC+SXAZNB/1idgp/aulFJ4FgCi7GPEVbfyng092GqL2k2rmow==}
    dev: false

  /cwise-compiler/1.1.3:
    resolution: {integrity: sha512-WXlK/m+Di8DMMcCjcWr4i+XzcQra9eCdXIJrgh4TUgh0pIS/yJduLxS9JgefsHJ/YVLdgPtXm9r62W92MvanEQ==}
    dependencies:
      uniq: 1.0.1
    dev: false

  /dashdash/1.14.1:
    resolution: {integrity: sha512-jRFi8UDGo6j+odZiEpjazZaWqEal3w/basFjQHQEwVtZJGDpxbH1MeYluwCS8Xq5wmLJooDlMgvVarmWfGM44g==}
    engines: {node: '>=0.10'}
    dependencies:
      assert-plus: 1.0.0
    dev: false

  /data-uri-to-buffer/0.0.3:
    resolution: {integrity: sha512-Cp+jOa8QJef5nXS5hU7M1DWzXPEIoVR3kbV0dQuVGwROZg8bGf1DcCnkmajBTnvghTtSNMUdRrPjgaT6ZQucbw==}
    dev: false

  /delayed-stream/1.0.0:
    resolution: {integrity: sha512-ZySD7Nf91aLB0RxL4KGrKHBXl7Eds1DAmEdcoVawXnLD7SDhpNgtuII2aAkg7a7QS41jxPSZ17p4VdGnMHk3MQ==}
    engines: {node: '>=0.4.0'}
    dev: false

  /draco3d/1.5.5:
    resolution: {integrity: sha512-JVuNV0EJzD3LBYhGyIXJLeBID/EVtmFO1ZNhAYflTgiMiAJlbhXQmRRda/azjc8MRVMHh0gqGhiqHUo5dIXM8Q==}
    dev: false

  /ecc-jsbn/0.1.2:
    resolution: {integrity: sha512-eh9O+hwRHNbG4BLTjEl3nw044CkGm5X6LoaCf7LPp7UU8Qrt47JYNi6nPX8xjW97TKGKm1ouctg0QSpZe9qrnw==}
    dependencies:
      jsbn: 0.1.1
      safer-buffer: 2.1.2
    dev: false

  /extend/3.0.2:
    resolution: {integrity: sha512-fjquC59cD7CyW6urNXK0FBufkZcoiGG80wTuPujX590cB5Ttln20E2UB4S/WARVqhXffZl2LNgS+gQdPIIim/g==}
    dev: false

  /extsprintf/1.3.0:
    resolution: {integrity: sha512-11Ndz7Nv+mvAC1j0ktTa7fAb0vLyGGX+rMHNBYQviQDGU0Hw7lhctJANqbPhu9nV9/izT/IntTgZ7Im/9LJs9g==}
    engines: {'0': node >=0.6.0}
    dev: false

  /fast-deep-equal/3.1.3:
    resolution: {integrity: sha512-f3qQ9oQy9j2AhBe/H9VC91wLmKBCCU/gDOnKNAYG5hswO7BLKj09Hc5HYNz9cGI++xlpDCIgDaitVs03ATR84Q==}
    dev: false

  /fast-json-stable-stringify/2.1.0:
    resolution: {integrity: sha512-lhd/wF+Lk98HZoTCtlVraHtfh5XYijIjalXck7saUtuanSDyLMxnHhSXEDJqHxD7msR8D0uCmqlkwjCV8xvwHw==}
    dev: false

  /fflate/0.7.4:
    resolution: {integrity: sha512-5u2V/CDW15QM1XbbgS+0DfPxVB+jUKhWEKuuFuHncbk3tEEqzmoXL+2KyOFuKGqOnmdIy0/davWF1CkuwtibCw==}
    dev: false

  /forever-agent/0.6.1:
    resolution: {integrity: sha512-j0KLYPhm6zeac4lz3oJ3o65qvgQCcPubiyotZrXqEaG4hNagNYO8qdlUrX5vwqv9ohqeT/Z3j6+yW067yWWdUw==}
    dev: false

  /form-data/2.3.3:
    resolution: {integrity: sha512-1lLKB2Mu3aGP1Q/2eCOx0fNbRMe7XdwktwOruhfqqd0rIJWwN4Dh+E3hrPSlDCXnSR7UtZ1N38rVXm+6+MEhJQ==}
    engines: {node: '>= 0.12'}
    dependencies:
      asynckit: 0.4.0
      combined-stream: 1.0.8
      mime-types: 2.1.35
    dev: false

  /get-pixels/3.3.3:
    resolution: {integrity: sha512-5kyGBn90i9tSMUVHTqkgCHsoWoR+/lGbl4yC83Gefyr0HLIhgSWEx/2F/3YgsZ7UpYNuM6pDhDK7zebrUJ5nXg==}
    dependencies:
      data-uri-to-buffer: 0.0.3
      jpeg-js: 0.4.4
      mime-types: 2.1.35
      ndarray: 1.0.19
      ndarray-pack: 1.2.1
      node-bitmap: 0.0.1
      omggif: 1.0.10
      parse-data-uri: 0.2.0
      pngjs: 3.4.0
      request: 2.88.2
      through: 2.3.8
    dev: false

  /getpass/0.1.7:
    resolution: {integrity: sha512-0fzj9JxOLfJ+XGLhR8ze3unN0KZCgZwiSSDz168VERjK8Wl8kVSdcu2kspd4s4wtAa1y/qrVRiAA0WclVsu0ng==}
    dependencies:
      assert-plus: 1.0.0
    dev: false

  /gif-encoder/0.4.3:
    resolution: {integrity: sha512-HMfSa+EIng62NbDhM63QGYoc49/m8DcZ9hhBtw+CXX9mKboSpeFVxjZ2WEWaMFZ14MUjfACK7jsrxrJffIVrCg==}
    engines: {node: '>= 0.8.0'}
    dependencies:
      readable-stream: 1.1.14
    dev: false

  /gl-matrix/3.4.3:
    resolution: {integrity: sha512-wcCp8vu8FT22BnvKVPjXa/ICBWRq/zjFfdofZy1WSpQZpphblv12/bOQLBC1rMM7SGOFS9ltVmKOHil5+Ml7gA==}
    dev: false

  /hammerjs/2.0.8:
    resolution: {integrity: sha512-tSQXBXS/MWQOn/RKckawJ61vvsDpCom87JgxiYdGwHdOa0ht0vzUWDlfioofFCRU0L+6NGDt6XzbgoJvZkMeRQ==}
    engines: {node: '>=0.8.0'}
    dev: false

  /har-schema/2.0.0:
    resolution: {integrity: sha512-Oqluz6zhGX8cyRaTQlFMPw80bSJVG2x/cFb8ZPhUILGgHka9SsokCCOQgpveePerqidZOrT14ipqfJb7ILcW5Q==}
    engines: {node: '>=4'}
    dev: false

  /har-validator/5.1.5:
    resolution: {integrity: sha512-nmT2T0lljbxdQZfspsno9hgrG3Uir6Ks5afism62poxqBM6sDnMEuPmzTq8XN0OEwqKLLdh1jQI3qyE66Nzb3w==}
    engines: {node: '>=6'}
    deprecated: this library is no longer supported
    dependencies:
      ajv: 6.12.6
      har-schema: 2.0.0
    dev: false

  /http-signature/1.2.0:
    resolution: {integrity: sha512-CAbnr6Rz4CYQkLYUtSNXxQPUH2gK8f3iWexVlsnMeD+GjlsQ0Xsy1cOX+mN3dtxYomRy21CiOzU8Uhw6OwncEQ==}
    engines: {node: '>=0.8', npm: '>=1.3.7'}
    dependencies:
      assert-plus: 1.0.0
      jsprim: 1.4.2
      sshpk: 1.18.0
    dev: false

  /ieee754/1.2.1:
    resolution: {integrity: sha512-dcyqhDvX1C46lXZcVqCpK+FtMRQVdIMN6/Df5js2zouUsqG7I6sFxitIC+7KYK29KdXOLHdu9zL4sFnoVQnqaA==}
    dev: false

  /image-size/0.7.5:
    resolution: {integrity: sha512-Hiyv+mXHfFEP7LzUL/llg9RwFxxY+o9N3JVLIeG5E7iFIFAalxvRU9UZthBdYDEVnzHMgjnKJPPpay5BWf1g9g==}
    engines: {node: '>=6.9.0'}
    hasBin: true
    dev: false

  /immediate/3.0.6:
    resolution: {integrity: sha512-XXOFtyqDjNDAQxVfYxuF7g9Il/IbWmmlQg2MYKOH8ExIT1qg6xc4zyS3HaEEATgs1btfzxq15ciUiY7gjSXRGQ==}
    dev: false

  /inherits/2.0.4:
    resolution: {integrity: sha512-k/vGaX4/Yla3WzyMCvTQOXYeIHvqOKtnqBduzTHpzpQZzAskKMhZ2K+EnBiSM9zGSoIFeMpXKxa4dYeZIQqewQ==}
    dev: false

  /iota-array/1.0.0:
    resolution: {integrity: sha512-pZ2xT+LOHckCatGQ3DcG/a+QuEqvoxqkiL7tvE8nn3uuu+f6i1TtpB5/FtWFbxUuVr5PZCx8KskuGatbJDXOWA==}
    dev: false

  /is-buffer/1.1.6:
    resolution: {integrity: sha512-NcdALwpXkTm5Zvvbk7owOUSvVvBKDgKP5/ewfXEznmQFfs4ZRmanOeKBTjRVjka3QFoN6XJ+9F3USqfHqTaU5w==}
    dev: false

  /is-typedarray/1.0.0:
    resolution: {integrity: sha512-cyA56iCMHAh5CdzjJIa4aohJyeO1YbwLi3Jc35MmRU6poroFjIGZzUzupGiRPOjgHg9TLu43xbpwXk523fMxKA==}
    dev: false

  /isarray/0.0.1:
    resolution: {integrity: sha512-D2S+3GLxWH+uhrNEcoh/fnmYeP8E8/zHl644d/jdA0g2uyXvy3sb0qxotE+ne0LtccHknQzWwZEzhak7oJ0COQ==}
    dev: false

  /isarray/1.0.0:
    resolution: {integrity: sha512-VLghIWNM6ELQzo7zwmcg0NmTVyWKYjvIeM83yjp0wRDTmUnrM678fQbcKBo6n2CJEF0szoG//ytg+TKla89ALQ==}
    dev: false

  /isstream/0.1.2:
    resolution: {integrity: sha512-Yljz7ffyPbrLpLngrMtZ7NduUgVvi6wG9RJ9IUcyCd59YQ911PBJphODUcbOVbqYfxe1wuYf/LJ8PauMRwsM/g==}
    dev: false

  /jpeg-js/0.4.4:
    resolution: {integrity: sha512-WZzeDOEtTOBK4Mdsar0IqEU5sMr3vSV2RqkAIzUEV2BHnUfKGyswWFPFwK5EeDo93K3FohSHbLAjj0s1Wzd+dg==}
    dev: false

  /jsbn/0.1.1:
    resolution: {integrity: sha512-UVU9dibq2JcFWxQPA6KCqj5O42VOmAY3zQUfEKxU0KpTGXwNoCjkX1e13eHNvw/xPynt6pU0rZ1htjWTNTSXsg==}
    dev: false

  /json-schema-traverse/0.4.1:
    resolution: {integrity: sha512-xbbCH5dCYU5T8LcEhhuh7HJ88HXuW3qsI3Y0zOZFKfZEHcpWiHU/Jxzk629Brsab/mMiHQti9wMP+845RPe3Vg==}
    dev: false

  /json-schema/0.4.0:
    resolution: {integrity: sha512-es94M3nTIfsEPisRafak+HDLfHXnKBhV3vU5eqPcS3flIWqcxJWgXHXiey3YrpaNsanY5ei1VoYEbOzijuq9BA==}
    dev: false

  /json-stringify-safe/5.0.1:
    resolution: {integrity: sha512-ZClg6AaYvamvYEE82d3Iyd3vSSIjQ+odgjaTzRuO3s7toCdFKczob2i0zCh7JE8kWn17yvAWhUVxvqGwUalsRA==}
    dev: false

  /jsprim/1.4.2:
    resolution: {integrity: sha512-P2bSOMAc/ciLz6DzgjVlGJP9+BrJWu5UDGK70C2iweC5QBIeFf0ZXRvGjEj2uYgrY2MkAAhsSWHDWlFtEroZWw==}
    engines: {node: '>=0.6.0'}
    dependencies:
      assert-plus: 1.0.0
      extsprintf: 1.3.0
      json-schema: 0.4.0
      verror: 1.10.0
    dev: false

  /jszip/3.10.1:
    resolution: {integrity: sha512-xXDvecyTpGLrqFrvkrUSoxxfJI5AH7U8zxxtVclpsUtMCq4JQ290LY8AW5c7Ggnr/Y/oK+bQMbqK2qmtk3pN4g==}
    dependencies:
      lie: 3.3.0
      pako: 1.0.11
      readable-stream: 2.3.8
      setimmediate: 1.0.5
    dev: false

  /ktx-parse/0.0.4:
    resolution: {integrity: sha512-LY3nrmfXl+wZZdPxgJ3ZmLvG+wkOZZP3/dr4RbQj1Pk3Qwz44esOOSFFVQJcNWpXAtiNIC66WgXufX/SYgYz6A==}
    dev: false

  /lie/3.3.0:
    resolution: {integrity: sha512-UaiMJzeWRlEujzAuw5LokY1L5ecNQYZKfmyZ9L7wDHb/p5etKaxXhohBcrw0EYby+G/NA52vRSN4N39dxHAIwQ==}
    dependencies:
      immediate: 3.0.6
    dev: false

  /long/5.2.3:
    resolution: {integrity: sha512-lcHwpNoggQTObv5apGNCTdJrO69eHOZMi4BNC+rTLER8iHAqGrUVeLh/irVIM7zTw2bOXA8T6uNPeujwOLg/2Q==}
    dev: false

  /lz4js/0.2.0:
    resolution: {integrity: sha512-gY2Ia9Lm7Ep8qMiuGRhvUq0Q7qUereeldZPP1PMEJxPtEWHJLqw9pgX68oHajBH0nzJK4MaZEA/YNV3jT8u8Bg==}
    requiresBuild: true
    dev: false
    optional: true

  /lzo-wasm/0.0.4:
    resolution: {integrity: sha512-VKlnoJRFrB8SdJhlVKvW5vI1gGwcZ+mvChEXcSX6r2xDNc/Q2FD9esfBmGCuPZdrJ1feO+YcVFd2PTk0c137Gw==}
    dev: false

  /math.gl/3.6.3:
    resolution: {integrity: sha512-Yq9CyECvSDox9+5ETi2+x1bGTY5WvGUGL3rJfC4KPoCZAM51MGfrCm6rIn4yOJUVfMPs2a5RwMD+yGS/n1g3gg==}
    dependencies:
      '@math.gl/core': 3.6.3
    dev: false

  /md5/2.3.0:
    resolution: {integrity: sha512-T1GITYmFaKuO91vxyoQMFETst+O71VUPEU3ze5GNzDm0OWdP8v1ziTaAEPUr/3kLsY3Sftgz242A1SetQiDL7g==}
    dependencies:
      charenc: 0.0.2
      crypt: 0.0.2
      is-buffer: 1.1.6
    dev: false

  /mime-db/1.52.0:
    resolution: {integrity: sha512-sPU4uV7dYlvtWJxwwxHD0PuihVNiE7TyAbQ5SWxDCB9mUYvOgroQOwYQQOKPJ8CIbE+1ETVlOoK1UC2nU3gYvg==}
    engines: {node: '>= 0.6'}
    dev: false

  /mime-types/2.1.35:
    resolution: {integrity: sha512-ZDY+bPm5zTTF+YpCrAU9nK0UgICYPT0QtT1NZWFv4s++TNkcgVaT0g6+4R2uI4MjQjzysHB1zxuWL50hzaeXiw==}
    engines: {node: '>= 0.6'}
    dependencies:
      mime-db: 1.52.0
    dev: false

  /mjolnir.js/2.7.1:
    resolution: {integrity: sha512-72BeUWgTv2cj5aZQKpwL8caNUFhXZ9bDm1hxpNj70XJQ62IBnTZmtv/WPxJvtaVNhzNo+D2U8O6ryNI0zImYcw==}
    engines: {node: '>= 4', npm: '>= 3'}
    dependencies:
      '@types/hammerjs': 2.0.45
      hammerjs: 2.0.8
    dev: false

  /ndarray-ops/1.2.2:
    resolution: {integrity: sha512-BppWAFRjMYF7N/r6Ie51q6D4fs0iiGmeXIACKY66fLpnwIui3Wc3CXiD/30mgLbDjPpSLrsqcp3Z62+IcHZsDw==}
    dependencies:
      cwise-compiler: 1.1.3
    dev: false

  /ndarray-pack/1.2.1:
    resolution: {integrity: sha512-51cECUJMT0rUZNQa09EoKsnFeDL4x2dHRT0VR5U2H5ZgEcm95ZDWcMA5JShroXjHOejmAD/fg8+H+OvUnVXz2g==}
    dependencies:
      cwise-compiler: 1.1.3
      ndarray: 1.0.19
    dev: false

  /ndarray/1.0.19:
    resolution: {integrity: sha512-B4JHA4vdyZU30ELBw3g7/p9bZupyew5a7tX1Y/gGeF2hafrPaQZhgrGQfsvgfYbgdFZjYwuEcnaobeM/WMW+HQ==}
    dependencies:
      iota-array: 1.0.0
      is-buffer: 1.1.6
    dev: false

  /node-bitmap/0.0.1:
    resolution: {integrity: sha512-Jx5lPaaLdIaOsj2mVLWMWulXF6GQVdyLvNSxmiYCvZ8Ma2hfKX0POoR2kgKOqz+oFsRreq0yYZjQ2wjE9VNzCA==}
    engines: {node: '>=v0.6.5'}
    dev: false

  /oauth-sign/0.9.0:
    resolution: {integrity: sha512-fexhUFFPTGV8ybAtSIGbV6gOkSv8UtRbDBnAyLQw4QPKkgNlsH2ByPGtMUqdWkos6YCRmAqViwgZrJc/mRDzZQ==}
    dev: false

  /omggif/1.0.10:
    resolution: {integrity: sha512-LMJTtvgc/nugXj0Vcrrs68Mn2D1r0zf630VNtqtpI1FEO7e+O9FP4gqs9AcnBaSEeoHIPm28u6qgPR0oyEpGSw==}
    dev: false

  /pako/1.0.11:
    resolution: {integrity: sha512-4hLB8Py4zZce5s4yd9XzopqwVv/yGNhV1Bl8NTmCq1763HeK2+EwVTv+leGeL13Dnh2wfbqowVPXCIO0z4taYw==}
    dev: false

  /parse-data-uri/0.2.0:
    resolution: {integrity: sha512-uOtts8NqDcaCt1rIsO3VFDRsAfgE4c6osG4d9z3l4dCBlxYFzni6Di/oNU270SDrjkfZuUvLZx1rxMyqh46Y9w==}
    dependencies:
      data-uri-to-buffer: 0.0.3
    dev: false

  /performance-now/2.1.0:
    resolution: {integrity: sha512-7EAHlyLHI56VEIdK57uwHdHKIaAGbnXPiw0yWbarQZOKaKpvUIgW0jWRVLiatnM+XXlSwsanIBH/hzGMJulMow==}
    dev: false

  /pngjs-nozlib/1.0.0:
    resolution: {integrity: sha512-N1PggqLp9xDqwAoKvGohmZ3m4/N9xpY0nDZivFqQLcpLHmliHnCp9BuNCsOeqHWMuEEgFjpEaq9dZq6RZyy0fA==}
    engines: {iojs: '>= 1.0.0', node: '>=0.10.0'}
    dev: false

  /pngjs/3.4.0:
    resolution: {integrity: sha512-NCrCHhWmnQklfH4MtJMRjZ2a8c80qXeMlQMv2uVp9ISJMTt562SbGd6n2oq0PaPgKm7Z6pL9E2UlLIhC+SHL3w==}
    engines: {node: '>=4.0.0'}
    dev: false

  /process-nextick-args/2.0.1:
    resolution: {integrity: sha512-3ouUOpQhtgrbOa17J7+uxOTpITYWaGP7/AhoR3+A+/1e9skrzelGi/dXzEYyvbxubEF6Wn2ypscTKiKJFFn1ag==}
    dev: false

  /psl/1.9.0:
    resolution: {integrity: sha512-E/ZsdU4HLs/68gYzgGTkMicWTLPdAftJLfJFlLUAAKZGkStNU72sZjT66SnMDVOfOWY/YAoiD7Jxa9iHvngcag==}
    dev: false

  /punycode/2.3.1:
    resolution: {integrity: sha512-vYt7UD1U9Wg6138shLtLOvdAu+8DsC/ilFtEVHcH+wydcSpNE20AfSOduf6MkRFahL5FY7X1oU7nKVZFtfq8Fg==}
    engines: {node: '>=6'}
    dev: false

  /qs/6.5.3:
    resolution: {integrity: sha512-qxXIEh4pCGfHICj1mAJQ2/2XVZkjCDTcEgfoSQxc/fYivUZxTkk7L3bDBJSoNrEzXI17oUO5Dp07ktqE5KzczA==}
    engines: {node: '>=0.6'}
    dev: false

  /readable-stream/1.0.34:
    resolution: {integrity: sha512-ok1qVCJuRkNmvebYikljxJA/UEsKwLl2nI1OmaqAu4/UE+h0wKCHok4XkL/gvi39OacXvw59RJUOFUkDib2rHg==}
    dependencies:
      core-util-is: 1.0.3
      inherits: 2.0.4
      isarray: 0.0.1
      string_decoder: 0.10.31
    dev: false

  /readable-stream/1.1.14:
    resolution: {integrity: sha512-+MeVjFf4L44XUkhM1eYbD8fyEsxcV81pqMSR5gblfcLCHfZvbrqy4/qYHE+/R5HoBUT11WV5O08Cr1n3YXkWVQ==}
    dependencies:
      core-util-is: 1.0.3
      inherits: 2.0.4
      isarray: 0.0.1
      string_decoder: 0.10.31
    dev: false

  /readable-stream/2.3.8:
    resolution: {integrity: sha512-8p0AUk4XODgIewSi0l8Epjs+EVnWiK7NoDIEGU0HhE7+ZyY8D1IMY7odu5lRrFXGg71L15KG8QrPmum45RTtdA==}
    dependencies:
      core-util-is: 1.0.3
      inherits: 2.0.4
      isarray: 1.0.0
      process-nextick-args: 2.0.1
      safe-buffer: 5.1.2
      string_decoder: 1.1.1
      util-deprecate: 1.0.2
    dev: false

  /regenerator-runtime/0.14.1:
    resolution: {integrity: sha512-dYnhHh0nJoMfnkZs6GmmhFknAGRrLznOu5nc9ML+EJxGvrx6H7teuevqVqCuPcPK//3eDrrjQhehXVx9cnkGdw==}
    dev: false

  /request/2.88.2:
    resolution: {integrity: sha512-MsvtOrfG9ZcrOwAW+Qi+F6HbD0CWXEh9ou77uOb7FM2WPhwT7smM833PzanhJLsgXjN89Ir6V2PczXNnMpwKhw==}
    engines: {node: '>= 6'}
    deprecated: request has been deprecated, see https://github.com/request/request/issues/3142
    dependencies:
      aws-sign2: 0.7.0
      aws4: 1.12.0
      caseless: 0.12.0
      combined-stream: 1.0.8
      extend: 3.0.2
      forever-agent: 0.6.1
      form-data: 2.3.3
      har-validator: 5.1.5
      http-signature: 1.2.0
      is-typedarray: 1.0.0
      isstream: 0.1.2
      json-stringify-safe: 5.0.1
      mime-types: 2.1.35
      oauth-sign: 0.9.0
      performance-now: 2.1.0
      qs: 6.5.3
      safe-buffer: 5.2.1
      tough-cookie: 2.5.0
      tunnel-agent: 0.6.0
      uuid: 3.4.0
    dev: false

  /safe-buffer/5.1.2:
    resolution: {integrity: sha512-Gd2UZBJDkXlY7GbJxfsE8/nvKkUEU1G38c1siN6QP6a9PT9MmHB8GnpscSmMJSoF8LOIrt8ud/wPtojys4G6+g==}
    dev: false

  /safe-buffer/5.2.1:
    resolution: {integrity: sha512-rp3So07KcdmmKbGvgaNxQSJr7bGVSVk5S9Eq1F+ppbRo70+YeaDxkw5Dd8NPN+GD6bjnYm2VuPuCXmpuYvmCXQ==}
    dev: false

  /safer-buffer/2.1.2:
    resolution: {integrity: sha512-YZo3K82SD7Riyi0E1EQPojLz7kpepnSQI9IyPbHHg1XXXevb5dJI7tpyN2ADxGcQbHG7vcyRHk0cbwqcQriUtg==}
    dev: false

  /save-pixels/2.3.6:
    resolution: {integrity: sha512-/ayfEWBxt0tFpf5lxSU1S0+/TBn7EiaTZD+6GL+mwizHm3BKCBysnzT6Js7BusDUVcNVLkeJJKLZcBgdpM2leQ==}
    dependencies:
      contentstream: 1.0.0
      gif-encoder: 0.4.3
      jpeg-js: 0.4.4
      ndarray: 1.0.19
      ndarray-ops: 1.2.2
      pngjs-nozlib: 1.0.0
      through: 2.3.8
    dev: false

  /setimmediate/1.0.5:
    resolution: {integrity: sha512-MATJdZp8sLqDl/68LfQmbP8zKPLQNV6BIZoIgrscFDQ+RsvK/BxeDQOgyxKKoh0y/8h3BqVFnCqQ/gd+reiIXA==}
    dev: false

  /snappyjs/0.6.1:
    resolution: {integrity: sha512-YIK6I2lsH072UE0aOFxxY1dPDCS43I5ktqHpeAsuLNYWkE5pGxRGWfDM4/vSUfNzXjC1Ivzt3qx31PCLmc9yqg==}
    dev: false

  /sprintf-js/1.0.3:
    resolution: {integrity: sha512-D9cPgkvLlV3t3IzL0D0YLvGA9Ahk4PcvVwUbN0dSGr1aP0Nrt4AEnTUbuGvquEC0mA64Gqt1fzirlRs5ibXx8g==}
    dev: false

  /sshpk/1.18.0:
    resolution: {integrity: sha512-2p2KJZTSqQ/I3+HX42EpYOa2l3f8Erv8MWKsy2I9uf4wA7yFIkXRffYdsx86y6z4vHtV8u7g+pPlr8/4ouAxsQ==}
    engines: {node: '>=0.10.0'}
    hasBin: true
    dependencies:
      asn1: 0.2.6
      assert-plus: 1.0.0
      bcrypt-pbkdf: 1.0.2
      dashdash: 1.14.1
      ecc-jsbn: 0.1.2
      getpass: 0.1.7
      jsbn: 0.1.1
      safer-buffer: 2.1.2
      tweetnacl: 0.14.5
    dev: false

  /stream-to-async-iterator/1.0.0:
    resolution: {integrity: sha512-y7IQUStB2pOmq36KaOnLhaxIXjEYkKqzIxRW7grC3ByVKW7yDf88vXw9kS1wxdX5BrJvw/uh5N52NZ8COFy8tA==}
    engines: {node: '>=12'}
    dev: false

  /string_decoder/0.10.31:
    resolution: {integrity: sha512-ev2QzSzWPYmy9GuqfIVildA4OdcGLeFZQrq5ys6RtiuF+RQQiZWr8TZNyAcuVXyQRYfEO+MsoB/1BuQVhOJuoQ==}
    dev: false

  /string_decoder/1.1.1:
    resolution: {integrity: sha512-n/ShnvDi6FHbbVfviro+WojiFzv+s8MPMHBczVePfUpDJLwoLT0ht1l4YwBCbi8pJAveEEdnkHyPyTP/mzRfwg==}
    dependencies:
      safe-buffer: 5.1.2
    dev: false

  /texture-compressor/1.0.2:
    resolution: {integrity: sha512-dStVgoaQ11mA5htJ+RzZ51ZxIZqNOgWKAIvtjLrW1AliQQLCmrDqNzQZ8Jh91YealQ95DXt4MEduLzJmbs6lig==}
    hasBin: true
    dependencies:
      argparse: 1.0.10
      image-size: 0.7.5
    dev: false

  /through/2.3.8:
    resolution: {integrity: sha512-w89qg7PI8wAdvX60bMDP+bFoD5Dvhm9oLheFp5O4a2QF0cSBGsBX4qZmadPMvVqlLJBBci+WqGGOAPvcDeNSVg==}
    dev: false

  /tough-cookie/2.5.0:
    resolution: {integrity: sha512-nlLsUzgm1kfLXSXfRZMc1KLAugd4hqJHDTvc2hDIwS3mZAfMEuMbc03SujMF+GEcpaX/qboeycw6iO8JwVv2+g==}
    engines: {node: '>=0.8'}
    dependencies:
      psl: 1.9.0
      punycode: 2.3.1
    dev: false

  /tunnel-agent/0.6.0:
    resolution: {integrity: sha512-McnNiV1l8RYeY8tBgEpuodCC1mLUdbSN+CYBL7kJsJNInOP8UjDDEwdk6Mw60vdLLrr5NHKZhMAOSrR2NZuQ+w==}
    dependencies:
      safe-buffer: 5.2.1
    dev: false

  /tweetnacl/0.14.5:
    resolution: {integrity: sha512-KXXFFdAbFXY4geFIwoyNK+f5Z1b7swfXABfL7HXCmoIWMKU3dmS26672A4EeQtDzLKy7SXmfBu51JolvEKwtGA==}
    dev: false

  /undici-types/5.26.5:
    resolution: {integrity: sha512-JlCMO+ehdEIKqlFxk6IfVoAUVmgz7cU7zD/h9XZ0qzeosSHmUJVOzSQvvYSYWXkFXC+IfLKSIffhv0sVZup6pA==}
    dev: false

  /uniq/1.0.1:
    resolution: {integrity: sha512-Gw+zz50YNKPDKXs+9d+aKAjVwpjNwqzvNpLigIruT4HA9lMZNdMqs9x07kKHB/L9WRzqp4+DlTU5s4wG2esdoA==}
    dev: false

  /uri-js/4.4.1:
    resolution: {integrity: sha512-7rKUyy33Q1yc98pQ1DAmLtwX109F7TIfWlW1Ydo8Wl1ii1SeHieeh0HHfPeL2fMXK6z0s8ecKs9frCuLJvndBg==}
    dependencies:
      punycode: 2.3.1
    dev: false

  /util-deprecate/1.0.2:
    resolution: {integrity: sha512-EPD5q1uXyFxJpCrLnCc1nHnq3gOa6DZBocAIiI2TaSCA7VCJ1UJDMagCzIkXNsUYfD1daK//LTEQ8xiIbrHtcw==}
    dev: false

  /uuid/3.4.0:
    resolution: {integrity: sha512-HjSDRw6gZE5JMggctHBcjVak08+KEVhSIiDzFnT9S9aegmp85S/bReBVTb4QTFaRNptJ9kuYaNhnbNEOkbKb/A==}
    deprecated: Please upgrade  to version 7 or higher.  Older versions may use Math.random() in certain circumstances, which is known to be problematic.  See https://v8.dev/blog/math-random for details.
    hasBin: true
    dev: false

  /verror/1.10.0:
    resolution: {integrity: sha512-ZZKSmDAEFOijERBLkmYfJ+vmk3w+7hOLYDNkRCuRuMJGEmqYNCNLyBBFwWKVMhfwaEF3WOd0Zlw86U/WC/+nYw==}
    engines: {'0': node >=0.6.0}
    dependencies:
      assert-plus: 1.0.0
      core-util-is: 1.0.2
      extsprintf: 1.3.0
    dev: false

  /web-streams-polyfill/3.2.1:
    resolution: {integrity: sha512-e0MO3wdXWKrLbL0DgGnUV7WHVuw9OUvL4hjgnPkIeEvESk74gAITi5G606JtZPp39cd8HA9VQzCIvA49LpPN5Q==}
    engines: {node: '>= 8'}
    dev: false

  /zstd-codec/0.1.4:
    resolution: {integrity: sha512-KYnWoFWgGtWyQEKNnUcb3u8ZtKO8dn5d8u+oGpxPlopqsPyv60U8suDyfk7Z7UtAO6Sk5i1aVcAs9RbaB1n36A==}
    requiresBuild: true
    dev: false
    optional: true
